{
  "version": 4,
  "terraform_version": "0.12.25",
  "serial": 88,
  "lineage": "15ea3d82-2b6e-eea9-d234-0b3eede13394",
  "outputs": {},
  "resources": [
    {
      "mode": "managed",
      "type": "aws_autoscaling_group",
      "name": "example-autoscaling",
      "provider": "provider.aws",
      "instances": [
        {
          "schema_version": 0,
          "attributes": {
            "arn": "arn:aws:autoscaling:eu-west-3:548144471450:autoScalingGroup:08e748c8-9c88-4edc-ab97-3eb11538df9f:autoScalingGroupName/example-autoscaling",
            "availability_zones": [
              "eu-west-3a",
              "eu-west-3b"
            ],
            "default_cooldown": 300,
            "desired_capacity": 2,
            "enabled_metrics": [],
            "force_delete": true,
            "health_check_grace_period": 300,
            "health_check_type": "ELB",
            "id": "example-autoscaling",
            "initial_lifecycle_hook": [],
            "launch_configuration": "example_launchconfig20200521234440015900000001",
            "launch_template": [],
            "load_balancers": [
              "my-elb"
            ],
            "max_instance_lifetime": 0,
            "max_size": 2,
            "metrics_granularity": "1Minute",
            "min_elb_capacity": null,
            "min_size": 2,
            "mixed_instances_policy": [],
            "name": "example-autoscaling",
            "name_prefix": null,
            "placement_group": "",
            "protect_from_scale_in": false,
            "service_linked_role_arn": "arn:aws:iam::548144471450:role/aws-service-role/autoscaling.amazonaws.com/AWSServiceRoleForAutoScaling",
            "suspended_processes": [],
            "tag": [
              {
                "key": "Name",
                "propagate_at_launch": true,
                "value": "ec2 instance"
              }
            ],
            "tags": null,
            "target_group_arns": [],
            "termination_policies": [],
            "timeouts": null,
            "vpc_zone_identifier": [
              "subnet-0783f614176ab1703",
              "subnet-0bbcc2280894ae05f"
            ],
            "wait_for_capacity_timeout": "10m",
            "wait_for_elb_capacity": null
          },
          "private": "eyJlMmJmYjczMC1lY2FhLTExZTYtOGY4OC0zNDM2M2JjN2M0YzAiOnsiZGVsZXRlIjo2MDAwMDAwMDAwMDB9fQ==",
          "dependencies": [
            "aws_elb.my-elb",
            "aws_key_pair.mykey",
            "aws_launch_configuration.example-launchconfig",
            "aws_security_group.groupe",
            "aws_subnet.main-public-1",
            "aws_subnet.main-public-2",
            "aws_vpc.main"
          ]
        }
      ]
    },
    {
      "mode": "managed",
      "type": "aws_autoscaling_policy",
      "name": "example-cpu-policy",
      "provider": "provider.aws",
      "instances": [
        {
          "schema_version": 0,
          "attributes": {
            "adjustment_type": "ChangeInCapacity",
            "arn": "arn:aws:autoscaling:eu-west-3:548144471450:scalingPolicy:01dd1ade-0803-42a4-b15f-df333f75610b:autoScalingGroupName/example-autoscaling:policyName/example-cpu-policy",
            "autoscaling_group_name": "example-autoscaling",
            "cooldown": 300,
            "estimated_instance_warmup": 0,
            "id": "example-cpu-policy",
            "metric_aggregation_type": "",
            "min_adjustment_magnitude": null,
            "min_adjustment_step": null,
            "name": "example-cpu-policy",
            "policy_type": "SimpleScaling",
            "scaling_adjustment": -1,
            "step_adjustment": [],
            "target_tracking_configuration": []
          },
          "private": "bnVsbA==",
          "dependencies": [
            "aws_autoscaling_group.example-autoscaling",
            "aws_elb.my-elb",
            "aws_key_pair.mykey",
            "aws_launch_configuration.example-launchconfig",
            "aws_security_group.groupe",
            "aws_subnet.main-public-1",
            "aws_subnet.main-public-2",
            "aws_vpc.main"
          ]
        }
      ]
    },
    {
      "mode": "managed",
      "type": "aws_elb",
      "name": "my-elb",
      "provider": "provider.aws",
      "instances": [
        {
          "schema_version": 0,
          "attributes": {
            "access_logs": [],
            "arn": "arn:aws:elasticloadbalancing:eu-west-3:548144471450:loadbalancer/my-elb",
            "availability_zones": [
              "eu-west-3a",
              "eu-west-3b"
            ],
            "connection_draining": true,
            "connection_draining_timeout": 400,
            "cross_zone_load_balancing": true,
            "dns_name": "my-elb-305285439.eu-west-3.elb.amazonaws.com",
            "health_check": [
              {
                "healthy_threshold": 2,
                "interval": 30,
                "target": "HTTP:80/",
                "timeout": 3,
                "unhealthy_threshold": 2
              }
            ],
            "id": "my-elb",
            "idle_timeout": 60,
            "instances": [
              "i-007b27d05a805ac3d",
              "i-0f140ecc0bff996d6"
            ],
            "internal": false,
            "listener": [
              {
                "instance_port": 80,
                "instance_protocol": "http",
                "lb_port": 80,
                "lb_protocol": "http",
                "ssl_certificate_id": ""
              }
            ],
            "name": "my-elb",
            "name_prefix": null,
            "security_groups": [
              "sg-09c01de521bd33312"
            ],
            "source_security_group": "548144471450/allow_ssh",
            "source_security_group_id": "sg-09c01de521bd33312",
            "subnets": [
              "subnet-0783f614176ab1703",
              "subnet-0bbcc2280894ae05f"
            ],
            "tags": {
              "Name": "my-elb"
            },
            "zone_id": "Z3Q77PNBQS71R4"
          },
          "private": "bnVsbA==",
          "dependencies": [
            "aws_security_group.groupe",
            "aws_subnet.main-public-1",
            "aws_subnet.main-public-2",
            "aws_vpc.main"
          ]
        }
      ]
    },
    {
      "mode": "managed",
      "type": "aws_internet_gateway",
      "name": "main-gw",
      "provider": "provider.aws",
      "instances": [
        {
          "schema_version": 0,
          "attributes": {
            "id": "igw-0780373fb5b18d379",
            "owner_id": "548144471450",
            "tags": {
              "name": "main-gw"
            },
            "vpc_id": "vpc-0306b4ab79ec405a0"
          },
          "private": "bnVsbA==",
          "dependencies": [
            "aws_vpc.main"
          ]
        }
      ]
    },
    {
      "mode": "managed",
      "type": "aws_key_pair",
      "name": "mykey",
      "provider": "provider.aws",
      "instances": [
        {
          "schema_version": 1,
          "attributes": {
            "fingerprint": "41:99:b1:f7:ba:b4:8c:de:28:3c:91:08:b5:00:df:93",
            "id": "mykey",
            "key_name": "mykey",
            "key_name_prefix": null,
            "key_pair_id": "key-08977c6a6a6bcb492",
            "public_key": "ssh-rsa AAAAB3NzaC1yc2EAAAADAQABAAABAQDGcHKoOvzytOZ7jNIMHR6QJgqJesv8Hd7itXV/UeEDEDYr4nuckLrkr88E3e81j0M07TjWw661v1nvFwLcXpiajBNFoLVdX75tLt0ZAmMDNTZI/ga2I6L9H2Ovsl0WHMYfnEUGV830Nrm+ju3Xqd8VASxeQDQYbqgX5DmY22BEheWADLSs16YonnUeUTZ48c0JT+3dc6XHdvpYQvoBPy+Fw9ILQdzeIZSkXcqxBEElNCSpsYrWUAHH0KD+mmQL90KoXXUba4xglWTRcbAFx2X8ZF4Q5jzmks9+RZ46bw0WbtN5b+ee8HhanEYrFfwNXn5RSYqH1a0ZIsUMWn1bdrjL hp@DESKTOP-M1MRO7Q",
            "tags": {}
          },
          "private": "eyJzY2hlbWFfdmVyc2lvbiI6IjEifQ=="
        }
      ]
    },
    {
      "mode": "managed",
      "type": "aws_launch_configuration",
      "name": "example-launchconfig",
      "provider": "provider.aws",
      "instances": [
        {
          "schema_version": 0,
          "attributes": {
            "arn": "arn:aws:autoscaling:eu-west-3:548144471450:launchConfiguration:24479ac0-f96b-4d59-8ca7-516d8a25c2b6:launchConfigurationName/example_launchconfig20200521234440015900000001",
            "associate_public_ip_address": false,
            "ebs_block_device": [],
            "ebs_optimized": false,
            "enable_monitoring": true,
            "ephemeral_block_device": [],
            "iam_instance_profile": "",
            "id": "example_launchconfig20200521234440015900000001",
            "image_id": "ami-0081c55264b4f42a1",
            "instance_type": "t2.micro",
            "key_name": "mykey",
            "name": "example_launchconfig20200521234440015900000001",
            "name_prefix": "example_launchconfig",
            "placement_tenancy": null,
            "root_block_device": [],
            "security_groups": [
              "sg-09c01de521bd33312"
            ],
            "spot_price": "",
            "user_data": "627e68f427d822731aa3da38f896b228593e203c",
            "user_data_base64": null,
            "vpc_classic_link_id": "",
            "vpc_classic_link_security_groups": []
          },
          "private": "bnVsbA==",
          "dependencies": [
            "aws_key_pair.mykey",
            "aws_security_group.groupe",
            "aws_vpc.main"
          ]
        }
      ]
    },
    {
      "mode": "managed",
      "type": "aws_security_group",
      "name": "groupe",
      "provider": "provider.aws",
      "instances": [
        {
          "schema_version": 1,
          "attributes": {
            "arn": "arn:aws:ec2:eu-west-3:548144471450:security-group/sg-09c01de521bd33312",
            "description": "Managed by Terraform",
            "egress": [
              {
                "cidr_blocks": [
                  "0.0.0.0/0"
                ],
                "description": "",
                "from_port": 0,
                "ipv6_cidr_blocks": [],
                "prefix_list_ids": [],
                "protocol": "-1",
                "security_groups": [],
                "self": false,
                "to_port": 0
              }
            ],
            "id": "sg-09c01de521bd33312",
            "ingress": [
              {
                "cidr_blocks": [
                  "0.0.0.0/0"
                ],
                "description": "",
                "from_port": 0,
                "ipv6_cidr_blocks": [],
                "prefix_list_ids": [],
                "protocol": "-1",
                "security_groups": [],
                "self": false,
                "to_port": 0
              }
            ],
            "name": "allow_ssh",
            "name_prefix": null,
            "owner_id": "548144471450",
            "revoke_rules_on_delete": false,
            "tags": {
              "name": "allow-ssh"
            },
            "timeouts": null,
            "vpc_id": "vpc-0306b4ab79ec405a0"
          },
          "private": "eyJlMmJmYjczMC1lY2FhLTExZTYtOGY4OC0zNDM2M2JjN2M0YzAiOnsiY3JlYXRlIjo2MDAwMDAwMDAwMDAsImRlbGV0ZSI6NjAwMDAwMDAwMDAwfSwic2NoZW1hX3ZlcnNpb24iOiIxIn0=",
          "dependencies": [
            "aws_vpc.main"
          ]
        }
      ]
    },
    {
      "mode": "managed",
      "type": "aws_subnet",
      "name": "main-public-1",
      "provider": "provider.aws",
      "instances": [
        {
          "schema_version": 1,
          "attributes": {
            "arn": "arn:aws:ec2:eu-west-3:548144471450:subnet/subnet-0783f614176ab1703",
            "assign_ipv6_address_on_creation": false,
            "availability_zone": "eu-west-3a",
            "availability_zone_id": "euw3-az1",
            "cidr_block": "10.0.1.0/24",
            "id": "subnet-0783f614176ab1703",
            "ipv6_cidr_block": "",
            "ipv6_cidr_block_association_id": "",
            "map_public_ip_on_launch": true,
            "outpost_arn": "",
            "owner_id": "548144471450",
            "tags": {
              "name": "main-public-1"
            },
            "timeouts": null,
            "vpc_id": "vpc-0306b4ab79ec405a0"
          },
          "private": "eyJlMmJmYjczMC1lY2FhLTExZTYtOGY4OC0zNDM2M2JjN2M0YzAiOnsiY3JlYXRlIjo2MDAwMDAwMDAwMDAsImRlbGV0ZSI6MTIwMDAwMDAwMDAwMH0sInNjaGVtYV92ZXJzaW9uIjoiMSJ9",
          "dependencies": [
            "aws_vpc.main"
          ]
        }
      ]
    },
    {
      "mode": "managed",
      "type": "aws_subnet",
      "name": "main-public-2",
      "provider": "provider.aws",
      "instances": [
        {
          "schema_version": 1,
          "attributes": {
            "arn": "arn:aws:ec2:eu-west-3:548144471450:subnet/subnet-0bbcc2280894ae05f",
            "assign_ipv6_address_on_creation": false,
            "availability_zone": "eu-west-3b",
            "availability_zone_id": "euw3-az2",
            "cidr_block": "10.0.2.0/24",
            "id": "subnet-0bbcc2280894ae05f",
            "ipv6_cidr_block": "",
            "ipv6_cidr_block_association_id": "",
            "map_public_ip_on_launch": true,
            "outpost_arn": "",
            "owner_id": "548144471450",
            "tags": {
              "name": "main-public-2"
            },
            "timeouts": null,
            "vpc_id": "vpc-0306b4ab79ec405a0"
          },
          "private": "eyJlMmJmYjczMC1lY2FhLTExZTYtOGY4OC0zNDM2M2JjN2M0YzAiOnsiY3JlYXRlIjo2MDAwMDAwMDAwMDAsImRlbGV0ZSI6MTIwMDAwMDAwMDAwMH0sInNjaGVtYV92ZXJzaW9uIjoiMSJ9",
          "dependencies": [
            "aws_vpc.main"
          ]
        }
      ]
    },
    {
      "mode": "managed",
      "type": "aws_vpc",
      "name": "main",
      "provider": "provider.aws",
      "instances": [
        {
          "schema_version": 1,
          "attributes": {
            "arn": "arn:aws:ec2:eu-west-3:548144471450:vpc/vpc-0306b4ab79ec405a0",
            "assign_generated_ipv6_cidr_block": false,
            "cidr_block": "10.0.0.0/16",
            "default_network_acl_id": "acl-0976db8d1234678ab",
            "default_route_table_id": "rtb-0430df064451f9a1a",
            "default_security_group_id": "sg-0f5fb1fdc3a3437b6",
            "dhcp_options_id": "dopt-149e7b7c",
            "enable_classiclink": false,
            "enable_classiclink_dns_support": null,
            "enable_dns_hostnames": true,
            "enable_dns_support": true,
            "id": "vpc-0306b4ab79ec405a0",
            "instance_tenancy": "default",
            "ipv6_association_id": "",
            "ipv6_cidr_block": "",
            "main_route_table_id": "rtb-0430df064451f9a1a",
            "owner_id": "548144471450",
            "tags": {
              "name": "main"
            }
          },
          "private": "eyJzY2hlbWFfdmVyc2lvbiI6IjEifQ=="
        }
      ]
    }
  ]
}
