{
  "version": 4,
  "terraform_version": "0.12.25",
  "serial": 8,
  "lineage": "07d96cd9-1855-03ee-3dfa-d16ce0b2ad77",
  "outputs": {},
  "resources": [
    {
      "mode": "managed",
      "type": "aws_instance",
      "name": "server",
      "provider": "provider.aws",
      "instances": [
        {
          "schema_version": 1,
          "attributes": {
            "ami": "ami-0081c55264b4f42a1",
            "arn": "arn:aws:ec2:eu-west-3:548144471450:instance/i-011a8ccf963e45a70",
            "associate_public_ip_address": true,
            "availability_zone": "eu-west-3b",
            "cpu_core_count": 1,
            "cpu_threads_per_core": 1,
            "credit_specification": [
              {
                "cpu_credits": "standard"
              }
            ],
            "disable_api_termination": false,
            "ebs_block_device": [],
            "ebs_optimized": false,
            "ephemeral_block_device": [],
            "get_password_data": false,
            "hibernation": false,
            "host_id": null,
            "iam_instance_profile": "",
            "id": "i-011a8ccf963e45a70",
            "instance_initiated_shutdown_behavior": null,
            "instance_state": "running",
            "instance_type": "t2.micro",
            "ipv6_address_count": 0,
            "ipv6_addresses": [],
            "key_name": "mypairkey",
            "metadata_options": [
              {
                "http_endpoint": "enabled",
                "http_put_response_hop_limit": 1,
                "http_tokens": "optional"
              }
            ],
            "monitoring": false,
            "network_interface": [],
            "network_interface_id": null,
            "outpost_arn": "",
            "password_data": "",
            "placement_group": "",
            "primary_network_interface_id": "eni-02e7fa18f2681e4b1",
            "private_dns": "ip-172-31-22-35.eu-west-3.compute.internal",
            "private_ip": "172.31.22.35",
            "public_dns": "ec2-35-180-55-212.eu-west-3.compute.amazonaws.com",
            "public_ip": "35.180.55.212",
            "root_block_device": [
              {
                "delete_on_termination": true,
                "device_name": "/dev/sda1",
                "encrypted": false,
                "iops": 100,
                "kms_key_id": "",
                "volume_id": "vol-03c85f2011eee1e6c",
                "volume_size": 8,
                "volume_type": "gp2"
              }
            ],
            "security_groups": [
              "default"
            ],
            "source_dest_check": true,
            "subnet_id": "subnet-3666344d",
            "tags": null,
            "tenancy": "default",
            "timeouts": null,
            "user_data": null,
            "user_data_base64": null,
            "volume_tags": {},
            "vpc_security_group_ids": [
              "sg-eed17c80"
            ]
          },
          "private": "eyJlMmJmYjczMC1lY2FhLTExZTYtOGY4OC0zNDM2M2JjN2M0YzAiOnsiY3JlYXRlIjo2MDAwMDAwMDAwMDAsImRlbGV0ZSI6MTIwMDAwMDAwMDAwMCwidXBkYXRlIjo2MDAwMDAwMDAwMDB9LCJzY2hlbWFfdmVyc2lvbiI6IjEifQ=="
        }
      ]
    },
    {
      "mode": "managed",
      "type": "aws_key_pair",
      "name": "mypairkey",
      "provider": "provider.aws",
      "instances": [
        {
          "schema_version": 1,
          "attributes": {
            "fingerprint": "a8:ca:53:78:9e:af:b3:39:8d:4c:03:c2:a8:41:57:99",
            "id": "mypairkey",
            "key_name": "mypairkey",
            "key_name_prefix": null,
            "key_pair_id": "key-09b0994fd06c38aa7",
            "public_key": "ssh-rsa AAAAB3NzaC1yc2EAAAADAQABAAABAQDASslKY1/h1UlaGZ9EB/mhpahxH5ZW33vjNuPxeMfb17okOuf5FaZVrCH4fUYvM2tZAB76G/f84nk0dycWggfKKAm2ycqXdPS8wyxWXQyGXH2I866Qm6jwKxg5P1fg57mCRyVIVpWQmRntWR1xyZXuxi4Kg+BhuGWb6CoNO1Yp9NxhKiPVLrUrzDT8bKOapNmFHdTmNd1MWoCarMU48AvgC5276uxBJDjNGu8AuJKz91pdngWZt4HDFZyB8oC7yWtTYmZO7wezBvRRYOUnC7GC56CdlFrgYP5NzzgLh2pJBnqJhnhxjb3fxvxTgSM7VjbVRFSxrBdjw56H73A6xU/f hp@DESKTOP-M1MRO7Q",
            "tags": null
          },
          "private": "eyJzY2hlbWFfdmVyc2lvbiI6IjEifQ=="
        }
      ]
    }
  ]
}
