{
  "version": 4,
  "terraform_version": "0.12.25",
  "serial": 22,
  "lineage": "e0c6e2a1-9998-040a-7e61-86a695defbca",
  "outputs": {},
  "resources": [
    {
      "mode": "managed",
      "type": "aws_instance",
      "name": "server",
      "provider": "provider.aws",
      "instances": [
        {
          "status": "tainted",
          "schema_version": 1,
          "attributes": {
            "ami": "ami-0081c55264b4f42a1",
            "arn": "arn:aws:ec2:eu-west-3:548144471450:instance/i-06e13eee86a36cdd2",
            "associate_public_ip_address": true,
            "availability_zone": "eu-west-3b",
            "cpu_core_count": 1,
            "cpu_threads_per_core": 1,
            "credit_specification": [
              {
                "cpu_credits": "standard"
              }
            ],
            "disable_api_termination": false,
            "ebs_block_device": [],
            "ebs_optimized": false,
            "ephemeral_block_device": [],
            "get_password_data": false,
            "hibernation": false,
            "host_id": null,
            "iam_instance_profile": "",
            "id": "i-06e13eee86a36cdd2",
            "instance_initiated_shutdown_behavior": null,
            "instance_state": "running",
            "instance_type": "t2.micro",
            "ipv6_address_count": 0,
            "ipv6_addresses": [],
            "key_name": "mykey",
            "metadata_options": [
              {
                "http_endpoint": "enabled",
                "http_put_response_hop_limit": 1,
                "http_tokens": "optional"
              }
            ],
            "monitoring": false,
            "network_interface": [],
            "network_interface_id": null,
            "outpost_arn": "",
            "password_data": "",
            "placement_group": "",
            "primary_network_interface_id": "eni-036d7ebd7441729b2",
            "private_dns": "ip-172-31-24-28.eu-west-3.compute.internal",
            "private_ip": "172.31.24.28",
            "public_dns": "ec2-15-188-86-108.eu-west-3.compute.amazonaws.com",
            "public_ip": "15.188.86.108",
            "root_block_device": [
              {
                "delete_on_termination": true,
                "device_name": "/dev/sda1",
                "encrypted": false,
                "iops": 100,
                "kms_key_id": "",
                "volume_id": "vol-08371f0782079ef3e",
                "volume_size": 8,
                "volume_type": "gp2"
              }
            ],
            "security_groups": [
              "default"
            ],
            "source_dest_check": true,
            "subnet_id": "subnet-3666344d",
            "tags": null,
            "tenancy": "default",
            "timeouts": null,
            "user_data": null,
            "user_data_base64": null,
            "volume_tags": {},
            "vpc_security_group_ids": [
              "sg-eed17c80"
            ]
          },
          "private": "eyJlMmJmYjczMC1lY2FhLTExZTYtOGY4OC0zNDM2M2JjN2M0YzAiOnsiY3JlYXRlIjo2MDAwMDAwMDAwMDAsImRlbGV0ZSI6MTIwMDAwMDAwMDAwMCwidXBkYXRlIjo2MDAwMDAwMDAwMDB9LCJzY2hlbWFfdmVyc2lvbiI6IjEifQ==",
          "dependencies": [
            "aws_key_pair.mykey"
          ]
        }
      ]
    },
    {
      "mode": "managed",
      "type": "aws_key_pair",
      "name": "mykey",
      "provider": "provider.aws",
      "instances": [
        {
          "schema_version": 1,
          "attributes": {
            "fingerprint": "af:62:dc:05:45:31:43:2f:f3:c4:b3:c7:33:41:9c:9a",
            "id": "mykey",
            "key_name": "mykey",
            "key_name_prefix": null,
            "key_pair_id": "key-03f7ff01004836322",
            "public_key": "ssh-rsa AAAAB3NzaC1yc2EAAAADAQABAAABAQDfV8QrOehxiekNjp4JhMe93Ds34JCscQ9PTLhP/NnFjRt9XEID1MjQZKH92x+dfAc2tUd/e4bodCyRlXD6a6TMxFDPDoquPaBbngsQoLLLKL5E+JueC/Y8hR1fZKF1+Mf7CIUq93+p4LBXvOPsx3RdGSFk8to0FF/pvGWZuk+i+gNi6XAJ0fiSLIhoUdhQ+GUY4SMpEcXVW8aRCVTpfKZMt5hDWvAoUdLlD7nZLcfC9/XQiCqdh8gARfa/e+jVZgKJvZamvdzdOTWHkPOA4u7/YvyzR2Cf/qDMNZWHOdLszeS7eCNwwOk+QofPA1T57AiiIZ2obaR6j5L3hRP3IUJf hp@DESKTOP-M1MRO7Q",
            "tags": null
          },
          "private": "eyJzY2hlbWFfdmVyc2lvbiI6IjEifQ=="
        }
      ]
    }
  ]
}
