{
  "version": 4,
  "terraform_version": "0.12.25",
  "serial": 11,
  "lineage": "3ffd5c40-96b7-18c9-7b6f-dbb2ea0ef7ba",
  "outputs": {},
  "resources": [
    {
      "mode": "managed",
      "type": "aws_instance",
      "name": "server",
      "provider": "provider.aws",
      "instances": [
        {
          "schema_version": 1,
          "attributes": {
            "ami": "ami-0081c55264b4f42a1",
            "arn": "arn:aws:ec2:eu-west-3:548144471450:instance/i-0320298edd8dfe07f",
            "associate_public_ip_address": true,
            "availability_zone": "eu-west-3b",
            "cpu_core_count": 1,
            "cpu_threads_per_core": 1,
            "credit_specification": [
              {
                "cpu_credits": "standard"
              }
            ],
            "disable_api_termination": false,
            "ebs_block_device": [],
            "ebs_optimized": false,
            "ephemeral_block_device": [],
            "get_password_data": false,
            "hibernation": false,
            "host_id": null,
            "iam_instance_profile": "",
            "id": "i-0320298edd8dfe07f",
            "instance_initiated_shutdown_behavior": null,
            "instance_state": "running",
            "instance_type": "t2.micro",
            "ipv6_address_count": 0,
            "ipv6_addresses": [],
            "key_name": "mypairkey",
            "metadata_options": [
              {
                "http_endpoint": "enabled",
                "http_put_response_hop_limit": 1,
                "http_tokens": "optional"
              }
            ],
            "monitoring": false,
            "network_interface": [],
            "network_interface_id": null,
            "outpost_arn": "",
            "password_data": "",
            "placement_group": "",
            "primary_network_interface_id": "eni-0bfd5734eead2e525",
            "private_dns": "ip-172-31-25-241.eu-west-3.compute.internal",
            "private_ip": "172.31.25.241",
            "public_dns": "ec2-52-47-141-122.eu-west-3.compute.amazonaws.com",
            "public_ip": "52.47.141.122",
            "root_block_device": [
              {
                "delete_on_termination": true,
                "device_name": "/dev/sda1",
                "encrypted": false,
                "iops": 100,
                "kms_key_id": "",
                "volume_id": "vol-0e637a30a6e4c0307",
                "volume_size": 8,
                "volume_type": "gp2"
              }
            ],
            "security_groups": [
              "default"
            ],
            "source_dest_check": true,
            "subnet_id": "subnet-3666344d",
            "tags": null,
            "tenancy": "default",
            "timeouts": null,
            "user_data": null,
            "user_data_base64": null,
            "volume_tags": {},
            "vpc_security_group_ids": [
              "sg-eed17c80"
            ]
          },
          "private": "eyJlMmJmYjczMC1lY2FhLTExZTYtOGY4OC0zNDM2M2JjN2M0YzAiOnsiY3JlYXRlIjo2MDAwMDAwMDAwMDAsImRlbGV0ZSI6MTIwMDAwMDAwMDAwMCwidXBkYXRlIjo2MDAwMDAwMDAwMDB9LCJzY2hlbWFfdmVyc2lvbiI6IjEifQ==",
          "dependencies": [
            "aws_key_pair.ssh_keypair"
          ]
        }
      ]
    },
    {
      "mode": "managed",
      "type": "aws_key_pair",
      "name": "ssh_keypair",
      "provider": "provider.aws",
      "instances": [
        {
          "schema_version": 1,
          "attributes": {
            "fingerprint": "6d:ab:b8:3e:ba:f1:38:68:f2:82:9a:bc:fa:23:75:3e",
            "id": "mypairkey",
            "key_name": "mypairkey",
            "key_name_prefix": null,
            "key_pair_id": "key-0f9412d951750a066",
            "public_key": "ssh-rsa AAAAB3NzaC1yc2EAAAADAQABAAABAQC6+vQT+LKYwyC9dIRo7c4htnHLPlQGMBPbWUDvnITagQiRBsxNw0BJwaiiytcwc1pyJB6ZerEyHVJGWZcEqh5yrH0K19oe6pzYxvGrv0HZc0Doaqd8CsJzsTvKjnjp+SWQhXnblI2qtxhs+y+r20Qg3y/VOSj/6iLwDWQIfzBnGqWGaaquq3FR9L7GrH2GRULBVZNU+LKKA7sxa+jwggEpgGw/Zt/Z2KGFkS5AWv6Go8WjT090c2T4BpMX6kUUFYNtbDeOyngCbfD+Wm3BXXuoBeb+ugHdCZ4G2vElm8IA/4LKQK++/Nsr3f9nkoLwcz58hwLsxf7Y3E0yGlDNPPFb hp@DESKTOP-M1MRO7Q",
            "tags": null
          },
          "private": "eyJzY2hlbWFfdmVyc2lvbiI6IjEifQ=="
        }
      ]
    },
    {
      "mode": "managed",
      "type": "aws_security_group",
      "name": "groupe_ip",
      "provider": "provider.aws",
      "instances": [
        {
          "schema_version": 1,
          "attributes": {
            "arn": "arn:aws:ec2:eu-west-3:548144471450:security-group/sg-04196b4ddcf6b8d2e",
            "description": "Managed by Terraform",
            "egress": [],
            "id": "sg-04196b4ddcf6b8d2e",
            "ingress": [
              {
                "cidr_blocks": [
                  "41.143.139.78/32"
                ],
                "description": "",
                "from_port": 0,
                "ipv6_cidr_blocks": [],
                "prefix_list_ids": [],
                "protocol": "tcp",
                "security_groups": [],
                "self": false,
                "to_port": 0
              }
            ],
            "name": "groupe_ip",
            "name_prefix": null,
            "owner_id": "548144471450",
            "revoke_rules_on_delete": false,
            "tags": null,
            "timeouts": null,
            "vpc_id": "vpc-a8415dc1"
          },
          "private": "eyJlMmJmYjczMC1lY2FhLTExZTYtOGY4OC0zNDM2M2JjN2M0YzAiOnsiY3JlYXRlIjo2MDAwMDAwMDAwMDAsImRlbGV0ZSI6NjAwMDAwMDAwMDAwfSwic2NoZW1hX3ZlcnNpb24iOiIxIn0="
        }
      ]
    }
  ]
}
