{
  "version": 4,
  "terraform_version": "0.12.25",
  "serial": 42,
  "lineage": "1167f5c6-f591-ccab-9f0c-3e208a5f9f7d",
  "outputs": {},
  "resources": [
    {
      "mode": "data",
      "type": "template_cloudinit_config",
      "name": "cloudinit_example",
      "provider": "provider.template",
      "instances": [
        {
          "schema_version": 0,
          "attributes": {
            "base64_encode": true,
            "gzip": true,
            "id": "3677044119",
            "part": [
              {
                "content": "#cloud configuration https://cloudinit.readthedocs.io/en/latest/topics/examples.html\r\nrepo_update: true\r\nrepo_apgrade: all\r\n\r\npackages:\r\n    -docker.io\r\n    -lvm2\r\n\r\n\r\n",
                "content_type": "text/cloud-config",
                "filename": "init.cfg",
                "merge_type": ""
              },
              {
                "content": "#!/bin/bash\nvgchange -ay\n\nDEVICE_FS=`blkid -o value -s TYPE /dev/xvdh` #these going to retur the FS of DEVICE\nif [\"`echo -n $DEVICE_FS`\"==\"\"];then #if it dosen't contient a file system\n        pvcreate /dev/xvdh\n        vgcreate data /dev/xvdh #create volume group data\n        lvcreate --name volume1 -l -100%FREE data  #create logical volume volume1\n        mkfs.ext4 /dev/data/volume1 #create file system ext4\nfi\nmkdir -p /data #create data directory, -p if exist don't create\necho '/dev/data/volume1 /data ext4 defaults 0 0' \u003e\u003e /etc/fastab\nmount /data",
                "content_type": "text/x-shellscript",
                "filename": "",
                "merge_type": ""
              }
            ],
            "rendered": "H4sIAAAAAAAA/5SSX2vbMBTF3wX5DnfORl+mOB2DQUoKW5tCH7qNtiuUMZob6dq+RJaMdG2Sbz/s/GlZ2WB5k/Q7554c34vghbzo+21DM6hbJ9xglLzmDdkzWIXWW4zbeXZzfbP48u3H18vPt4+Z6k/6gWLi4GdwOpmO1Ehp/RIaqYP3JacmJJaBRRE0VU1ezqBgRx5rmmfsWSamKLNn1X1EnwqKeuFNsOzLGXxasbwAhshCG8mNC63VJviCy5G64ZpehRsPDOyYNmKfBiqRJs3ynX7IEAmtVGSDSRMOOfncoVCSXELDJuW0wbpxlCaV1G6kIjXhqW0sSh8ltrS/wqaMaGkG6Fw/vUGzxpLSbKQAALQNZk1xwmF/dl39oef+VeP/FLLRqSLnkoncyN8aeZOv2OcrTJXqSlOhLwk0bpW6XDxcXyyeru7my5VbswUdoEPXEugE94/fF5Bb6vJNZ6sljKWiRFAG9iVIgEjSRpCK4OoOQgE7M8UF/MyWZKoA2sPb44hlNp9n2a8zqcjDmAtgARsS+RPpP5YweQEcVgXSNgnVQ2P9r+lMJBR6TnN86sr9k0XB53cY76+74NqaoIyhbQbmqHQHU6371dyTp6Ad6NPp9N3V7WKxcz2auVCyQXcw3SuOjvW6SBPayMddjl6bH1wPFi/+HvSoKljVa8sRdAOD5IgOB8uRjIS4fd8DXABtOPXFDbUNoBq6Pnk9c2c3BLJUYOskwRSmJ3B+DjmJyQtMgitVh9bLjv5zKbUeqd8BAAD//6Nfa9I6BAAA"
          }
        }
      ]
    },
    {
      "mode": "data",
      "type": "template_file",
      "name": "init-cfg-script",
      "provider": "provider.template",
      "instances": [
        {
          "schema_version": 0,
          "attributes": {
            "filename": null,
            "id": "def85d5115b7e1b55eb1ad179e105f47ff01d8908850e662dfe20b90c4fe95ec",
            "rendered": "#cloud configuration https://cloudinit.readthedocs.io/en/latest/topics/examples.html\r\nrepo_update: true\r\nrepo_apgrade: all\r\n\r\npackages:\r\n    -docker.io\r\n    -lvm2\r\n\r\n\r\n",
            "template": "#cloud configuration https://cloudinit.readthedocs.io/en/latest/topics/examples.html\r\nrepo_update: true\r\nrepo_apgrade: all\r\n\r\npackages:\r\n    -docker.io\r\n    -lvm2\r\n\r\n\r\n",
            "vars": null
          }
        }
      ]
    },
    {
      "mode": "data",
      "type": "template_file",
      "name": "shell-script",
      "provider": "provider.template",
      "instances": [
        {
          "schema_version": 0,
          "attributes": {
            "filename": null,
            "id": "7ac2309ab00acb48388306e0f1c013c37e4df464e5c6b4faad556d85ed57d59e",
            "rendered": "#!/bin/bash\nvgchange -ay\n\nDEVICE_FS=`blkid -o value -s TYPE /dev/xvdh` #these going to retur the FS of DEVICE\nif [\"`echo -n $DEVICE_FS`\"==\"\"];then #if it dosen't contient a file system\n        pvcreate /dev/xvdh\n        vgcreate data /dev/xvdh #create volume group data\n        lvcreate --name volume1 -l -100%FREE data  #create logical volume volume1\n        mkfs.ext4 /dev/data/volume1 #create file system ext4\nfi\nmkdir -p /data #create data directory, -p if exist don't create\necho '/dev/data/volume1 /data ext4 defaults 0 0' \u003e\u003e /etc/fastab\nmount /data",
            "template": "#!/bin/bash\nvgchange -ay\n\nDEVICE_FS=`blkid -o value -s TYPE ${DEVICE}` #these going to retur the FS of DEVICE\nif [\"`echo -n $DEVICE_FS`\"==\"\"];then #if it dosen't contient a file system\n        pvcreate ${DEVICE}\n        vgcreate data ${DEVICE} #create volume group data\n        lvcreate --name volume1 -l -100%FREE data  #create logical volume volume1\n        mkfs.ext4 /dev/data/volume1 #create file system ext4\nfi\nmkdir -p /data #create data directory, -p if exist don't create\necho '/dev/data/volume1 /data ext4 defaults 0 0' \u003e\u003e /etc/fastab\nmount /data",
            "vars": {
              "DEVICE": "/dev/xvdh"
            }
          }
        }
      ]
    },
    {
      "mode": "managed",
      "type": "aws_ebs_volume",
      "name": "ebs-volume-1",
      "provider": "provider.aws",
      "instances": [
        {
          "schema_version": 0,
          "attributes": {
            "arn": "arn:aws:ec2:eu-west-3:548144471450:volume/vol-0cbb13412ab466fb3",
            "availability_zone": "eu-west-3a",
            "encrypted": false,
            "id": "vol-0cbb13412ab466fb3",
            "iops": 100,
            "kms_key_id": "",
            "multi_attach_enabled": false,
            "outpost_arn": "",
            "size": 2,
            "snapshot_id": "",
            "tags": {
              "name": "Extra volume data"
            },
            "type": "gp2"
          },
          "private": "bnVsbA=="
        }
      ]
    },
    {
      "mode": "managed",
      "type": "aws_instance",
      "name": "server",
      "provider": "provider.aws",
      "instances": [
        {
          "schema_version": 1,
          "attributes": {
            "ami": "ami-0081c55264b4f42a1",
            "arn": "arn:aws:ec2:eu-west-3:548144471450:instance/i-029910d0672f049bd",
            "associate_public_ip_address": true,
            "availability_zone": "eu-west-3a",
            "cpu_core_count": 1,
            "cpu_threads_per_core": 1,
            "credit_specification": [
              {
                "cpu_credits": "standard"
              }
            ],
            "disable_api_termination": false,
            "ebs_block_device": [],
            "ebs_optimized": false,
            "ephemeral_block_device": [],
            "get_password_data": false,
            "hibernation": false,
            "host_id": null,
            "iam_instance_profile": "",
            "id": "i-029910d0672f049bd",
            "instance_initiated_shutdown_behavior": null,
            "instance_state": "running",
            "instance_type": "t2.micro",
            "ipv6_address_count": 0,
            "ipv6_addresses": [],
            "key_name": "mykey",
            "metadata_options": [
              {
                "http_endpoint": "enabled",
                "http_put_response_hop_limit": 1,
                "http_tokens": "optional"
              }
            ],
            "monitoring": false,
            "network_interface": [],
            "network_interface_id": null,
            "outpost_arn": "",
            "password_data": "",
            "placement_group": "",
            "primary_network_interface_id": "eni-00d83da07438e9c22",
            "private_dns": "ip-10-0-1-132.eu-west-3.compute.internal",
            "private_ip": "10.0.1.132",
            "public_dns": "ec2-15-236-38-43.eu-west-3.compute.amazonaws.com",
            "public_ip": "15.236.38.43",
            "root_block_device": [
              {
                "delete_on_termination": true,
                "device_name": "/dev/sda1",
                "encrypted": false,
                "iops": 100,
                "kms_key_id": "",
                "volume_id": "vol-0d0b77144c2795cad",
                "volume_size": 8,
                "volume_type": "gp2"
              }
            ],
            "security_groups": [],
            "source_dest_check": true,
            "subnet_id": "subnet-0c7d6e66bb01de08e",
            "tags": null,
            "tenancy": "default",
            "timeouts": null,
            "user_data": "9731d5f80c4745b1f8f64237e9f7e1f3de004d45",
            "user_data_base64": null,
            "volume_tags": {},
            "vpc_security_group_ids": [
              "sg-06bb2847a43ec41d6"
            ]
          },
          "private": "eyJlMmJmYjczMC1lY2FhLTExZTYtOGY4OC0zNDM2M2JjN2M0YzAiOnsiY3JlYXRlIjo2MDAwMDAwMDAwMDAsImRlbGV0ZSI6MTIwMDAwMDAwMDAwMCwidXBkYXRlIjo2MDAwMDAwMDAwMDB9LCJzY2hlbWFfdmVyc2lvbiI6IjEifQ==",
          "dependencies": [
            "aws_key_pair.mykey",
            "aws_security_group.groupe",
            "aws_subnet.main-public-1",
            "aws_vpc.main"
          ]
        }
      ]
    },
    {
      "mode": "managed",
      "type": "aws_internet_gateway",
      "name": "main-gw",
      "provider": "provider.aws",
      "instances": [
        {
          "schema_version": 0,
          "attributes": {
            "id": "igw-0b2900238ed7d2ed4",
            "owner_id": "548144471450",
            "tags": {
              "name": "main-gw"
            },
            "vpc_id": "vpc-044b33607e65ad853"
          },
          "private": "bnVsbA==",
          "dependencies": [
            "aws_vpc.main"
          ]
        }
      ]
    },
    {
      "mode": "managed",
      "type": "aws_key_pair",
      "name": "mykey",
      "provider": "provider.aws",
      "instances": [
        {
          "schema_version": 1,
          "attributes": {
            "fingerprint": "41:99:b1:f7:ba:b4:8c:de:28:3c:91:08:b5:00:df:93",
            "id": "mykey",
            "key_name": "mykey",
            "key_name_prefix": null,
            "key_pair_id": "key-0cc2495dc0ca33698",
            "public_key": "ssh-rsa AAAAB3NzaC1yc2EAAAADAQABAAABAQDGcHKoOvzytOZ7jNIMHR6QJgqJesv8Hd7itXV/UeEDEDYr4nuckLrkr88E3e81j0M07TjWw661v1nvFwLcXpiajBNFoLVdX75tLt0ZAmMDNTZI/ga2I6L9H2Ovsl0WHMYfnEUGV830Nrm+ju3Xqd8VASxeQDQYbqgX5DmY22BEheWADLSs16YonnUeUTZ48c0JT+3dc6XHdvpYQvoBPy+Fw9ILQdzeIZSkXcqxBEElNCSpsYrWUAHH0KD+mmQL90KoXXUba4xglWTRcbAFx2X8ZF4Q5jzmks9+RZ46bw0WbtN5b+ee8HhanEYrFfwNXn5RSYqH1a0ZIsUMWn1bdrjL hp@DESKTOP-M1MRO7Q",
            "tags": null
          },
          "private": "eyJzY2hlbWFfdmVyc2lvbiI6IjEifQ=="
        }
      ]
    },
    {
      "mode": "managed",
      "type": "aws_route_table",
      "name": "main-public",
      "provider": "provider.aws",
      "instances": [
        {
          "schema_version": 0,
          "attributes": {
            "id": "rtb-071df8b8a15f70179",
            "owner_id": "548144471450",
            "propagating_vgws": [],
            "route": [
              {
                "cidr_block": "0.0.0.0/0",
                "egress_only_gateway_id": "",
                "gateway_id": "igw-0b2900238ed7d2ed4",
                "instance_id": "",
                "ipv6_cidr_block": "",
                "nat_gateway_id": "",
                "network_interface_id": "",
                "transit_gateway_id": "",
                "vpc_peering_connection_id": ""
              }
            ],
            "tags": null,
            "vpc_id": "vpc-044b33607e65ad853"
          },
          "private": "bnVsbA==",
          "dependencies": [
            "aws_internet_gateway.main-gw",
            "aws_vpc.main"
          ]
        }
      ]
    },
    {
      "mode": "managed",
      "type": "aws_route_table_association",
      "name": "main-public-1-a",
      "provider": "provider.aws",
      "instances": [
        {
          "schema_version": 0,
          "attributes": {
            "gateway_id": null,
            "id": "rtbassoc-0f038b3b5cd31d1db",
            "route_table_id": "rtb-071df8b8a15f70179",
            "subnet_id": "subnet-0c7d6e66bb01de08e"
          },
          "private": "bnVsbA==",
          "dependencies": [
            "aws_internet_gateway.main-gw",
            "aws_route_table.main-public",
            "aws_subnet.main-public-1",
            "aws_vpc.main"
          ]
        }
      ]
    },
    {
      "mode": "managed",
      "type": "aws_route_table_association",
      "name": "main-public-2-a",
      "provider": "provider.aws",
      "instances": [
        {
          "schema_version": 0,
          "attributes": {
            "gateway_id": null,
            "id": "rtbassoc-0fb715164421ac97d",
            "route_table_id": "rtb-071df8b8a15f70179",
            "subnet_id": "subnet-0ae4971f6c35ce5a9"
          },
          "private": "bnVsbA==",
          "dependencies": [
            "aws_internet_gateway.main-gw",
            "aws_route_table.main-public",
            "aws_subnet.main-public-2",
            "aws_vpc.main"
          ]
        }
      ]
    },
    {
      "mode": "managed",
      "type": "aws_security_group",
      "name": "groupe",
      "provider": "provider.aws",
      "instances": [
        {
          "schema_version": 1,
          "attributes": {
            "arn": "arn:aws:ec2:eu-west-3:548144471450:security-group/sg-06bb2847a43ec41d6",
            "description": "Managed by Terraform",
            "egress": [
              {
                "cidr_blocks": [
                  "0.0.0.0/0"
                ],
                "description": "",
                "from_port": 0,
                "ipv6_cidr_blocks": [],
                "prefix_list_ids": [],
                "protocol": "-1",
                "security_groups": [],
                "self": false,
                "to_port": 0
              }
            ],
            "id": "sg-06bb2847a43ec41d6",
            "ingress": [
              {
                "cidr_blocks": [
                  "0.0.0.0/0"
                ],
                "description": "",
                "from_port": 0,
                "ipv6_cidr_blocks": [],
                "prefix_list_ids": [],
                "protocol": "-1",
                "security_groups": [],
                "self": false,
                "to_port": 0
              }
            ],
            "name": "allow_ssh",
            "name_prefix": null,
            "owner_id": "548144471450",
            "revoke_rules_on_delete": false,
            "tags": {
              "name": "allow-ssh"
            },
            "timeouts": null,
            "vpc_id": "vpc-044b33607e65ad853"
          },
          "private": "eyJlMmJmYjczMC1lY2FhLTExZTYtOGY4OC0zNDM2M2JjN2M0YzAiOnsiY3JlYXRlIjo2MDAwMDAwMDAwMDAsImRlbGV0ZSI6NjAwMDAwMDAwMDAwfSwic2NoZW1hX3ZlcnNpb24iOiIxIn0=",
          "dependencies": [
            "aws_vpc.main"
          ]
        }
      ]
    },
    {
      "mode": "managed",
      "type": "aws_subnet",
      "name": "main-private-3",
      "provider": "provider.aws",
      "instances": [
        {
          "schema_version": 1,
          "attributes": {
            "arn": "arn:aws:ec2:eu-west-3:548144471450:subnet/subnet-086f6966424d5c01e",
            "assign_ipv6_address_on_creation": false,
            "availability_zone": "eu-west-3a",
            "availability_zone_id": "euw3-az1",
            "cidr_block": "10.0.3.0/24",
            "id": "subnet-086f6966424d5c01e",
            "ipv6_cidr_block": "",
            "ipv6_cidr_block_association_id": "",
            "map_public_ip_on_launch": false,
            "outpost_arn": "",
            "owner_id": "548144471450",
            "tags": {
              "name": "main-private-3"
            },
            "timeouts": null,
            "vpc_id": "vpc-044b33607e65ad853"
          },
          "private": "eyJlMmJmYjczMC1lY2FhLTExZTYtOGY4OC0zNDM2M2JjN2M0YzAiOnsiY3JlYXRlIjo2MDAwMDAwMDAwMDAsImRlbGV0ZSI6MTIwMDAwMDAwMDAwMH0sInNjaGVtYV92ZXJzaW9uIjoiMSJ9",
          "dependencies": [
            "aws_vpc.main"
          ]
        }
      ]
    },
    {
      "mode": "managed",
      "type": "aws_subnet",
      "name": "main-private-4",
      "provider": "provider.aws",
      "instances": [
        {
          "schema_version": 1,
          "attributes": {
            "arn": "arn:aws:ec2:eu-west-3:548144471450:subnet/subnet-02696fb3d19e56d02",
            "assign_ipv6_address_on_creation": false,
            "availability_zone": "eu-west-3b",
            "availability_zone_id": "euw3-az2",
            "cidr_block": "10.0.4.0/24",
            "id": "subnet-02696fb3d19e56d02",
            "ipv6_cidr_block": "",
            "ipv6_cidr_block_association_id": "",
            "map_public_ip_on_launch": false,
            "outpost_arn": "",
            "owner_id": "548144471450",
            "tags": {
              "name": "main-private-4"
            },
            "timeouts": null,
            "vpc_id": "vpc-044b33607e65ad853"
          },
          "private": "eyJlMmJmYjczMC1lY2FhLTExZTYtOGY4OC0zNDM2M2JjN2M0YzAiOnsiY3JlYXRlIjo2MDAwMDAwMDAwMDAsImRlbGV0ZSI6MTIwMDAwMDAwMDAwMH0sInNjaGVtYV92ZXJzaW9uIjoiMSJ9",
          "dependencies": [
            "aws_vpc.main"
          ]
        }
      ]
    },
    {
      "mode": "managed",
      "type": "aws_subnet",
      "name": "main-public-1",
      "provider": "provider.aws",
      "instances": [
        {
          "schema_version": 1,
          "attributes": {
            "arn": "arn:aws:ec2:eu-west-3:548144471450:subnet/subnet-0c7d6e66bb01de08e",
            "assign_ipv6_address_on_creation": false,
            "availability_zone": "eu-west-3a",
            "availability_zone_id": "euw3-az1",
            "cidr_block": "10.0.1.0/24",
            "id": "subnet-0c7d6e66bb01de08e",
            "ipv6_cidr_block": "",
            "ipv6_cidr_block_association_id": "",
            "map_public_ip_on_launch": true,
            "outpost_arn": "",
            "owner_id": "548144471450",
            "tags": {
              "name": "main-public-1"
            },
            "timeouts": null,
            "vpc_id": "vpc-044b33607e65ad853"
          },
          "private": "eyJlMmJmYjczMC1lY2FhLTExZTYtOGY4OC0zNDM2M2JjN2M0YzAiOnsiY3JlYXRlIjo2MDAwMDAwMDAwMDAsImRlbGV0ZSI6MTIwMDAwMDAwMDAwMH0sInNjaGVtYV92ZXJzaW9uIjoiMSJ9",
          "dependencies": [
            "aws_vpc.main"
          ]
        }
      ]
    },
    {
      "mode": "managed",
      "type": "aws_subnet",
      "name": "main-public-2",
      "provider": "provider.aws",
      "instances": [
        {
          "schema_version": 1,
          "attributes": {
            "arn": "arn:aws:ec2:eu-west-3:548144471450:subnet/subnet-0ae4971f6c35ce5a9",
            "assign_ipv6_address_on_creation": false,
            "availability_zone": "eu-west-3b",
            "availability_zone_id": "euw3-az2",
            "cidr_block": "10.0.2.0/24",
            "id": "subnet-0ae4971f6c35ce5a9",
            "ipv6_cidr_block": "",
            "ipv6_cidr_block_association_id": "",
            "map_public_ip_on_launch": true,
            "outpost_arn": "",
            "owner_id": "548144471450",
            "tags": {
              "name": "main-public-2"
            },
            "timeouts": null,
            "vpc_id": "vpc-044b33607e65ad853"
          },
          "private": "eyJlMmJmYjczMC1lY2FhLTExZTYtOGY4OC0zNDM2M2JjN2M0YzAiOnsiY3JlYXRlIjo2MDAwMDAwMDAwMDAsImRlbGV0ZSI6MTIwMDAwMDAwMDAwMH0sInNjaGVtYV92ZXJzaW9uIjoiMSJ9",
          "dependencies": [
            "aws_vpc.main"
          ]
        }
      ]
    },
    {
      "mode": "managed",
      "type": "aws_volume_attachment",
      "name": "ebs-volume-1-attachment",
      "provider": "provider.aws",
      "instances": [
        {
          "schema_version": 0,
          "attributes": {
            "device_name": "/dev/xvdh",
            "force_detach": null,
            "id": "vai-180198908",
            "instance_id": "i-029910d0672f049bd",
            "skip_destroy": null,
            "volume_id": "vol-0cbb13412ab466fb3"
          },
          "private": "bnVsbA==",
          "dependencies": [
            "aws_ebs_volume.ebs-volume-1",
            "aws_instance.server",
            "aws_key_pair.mykey",
            "aws_security_group.groupe",
            "aws_subnet.main-public-1",
            "aws_vpc.main"
          ]
        }
      ]
    },
    {
      "mode": "managed",
      "type": "aws_vpc",
      "name": "main",
      "provider": "provider.aws",
      "instances": [
        {
          "schema_version": 1,
          "attributes": {
            "arn": "arn:aws:ec2:eu-west-3:548144471450:vpc/vpc-044b33607e65ad853",
            "assign_generated_ipv6_cidr_block": false,
            "cidr_block": "10.0.0.0/16",
            "default_network_acl_id": "acl-0c396477bb187b0e3",
            "default_route_table_id": "rtb-0c4dbb03c67b913a0",
            "default_security_group_id": "sg-0633d678249908613",
            "dhcp_options_id": "dopt-149e7b7c",
            "enable_classiclink": false,
            "enable_classiclink_dns_support": null,
            "enable_dns_hostnames": true,
            "enable_dns_support": true,
            "id": "vpc-044b33607e65ad853",
            "instance_tenancy": "default",
            "ipv6_association_id": "",
            "ipv6_cidr_block": "",
            "main_route_table_id": "rtb-0c4dbb03c67b913a0",
            "owner_id": "548144471450",
            "tags": {
              "name": "main"
            }
          },
          "private": "eyJzY2hlbWFfdmVyc2lvbiI6IjEifQ=="
        }
      ]
    }
  ]
}
