{
  "version": 4,
  "terraform_version": "0.12.25",
  "serial": 1,
  "lineage": "4ac8720c-6f53-ffa6-69f3-253fb3b18c7e",
  "outputs": {},
  "resources": [
    {
      "mode": "data",
      "type": "aws_ip_ranges",
      "name": "ip_range",
      "provider": "provider.aws",
      "instances": [
        {
          "schema_version": 0,
          "attributes": {
            "cidr_blocks": [
              "15.161.0.0/16",
              "15.177.74.0/24",
              "15.177.90.0/24",
              "15.188.0.0/16",
              "15.236.0.0/15",
              "35.152.0.0/16",
              "35.180.0.0/16",
              "35.181.0.0/16",
              "52.47.0.0/16",
              "52.94.249.32/28",
              "52.94.249.48/28",
              "52.95.224.0/24",
              "52.95.254.0/24",
              "99.77.135.0/24",
              "99.77.138.0/24",
              "99.77.157.0/24",
              "99.77.159.0/24"
            ],
            "create_date": "2020-05-12-22-53-11",
            "id": "1589323991",
            "ipv6_cidr_blocks": [
              "2a05:d000:2000::/40",
              "2a05:d000:a000::/40",
              "2a05:d012::/36",
              "2a05:d01a::/36",
              "2a05:d07f:2000::/40",
              "2a05:d07f:a000::/40"
            ],
            "regions": [
              "eu-south-1",
              "eu-west-3"
            ],
            "services": [
              "ec2"
            ],
            "sync_token": 1589323991,
            "url": "https://ip-ranges.amazonaws.com/ip-ranges.json"
          }
        }
      ]
    },
    {
      "mode": "managed",
      "type": "aws_security_group",
      "name": "groupe_ip",
      "provider": "provider.aws",
      "instances": [
        {
          "schema_version": 1,
          "attributes": {
            "arn": "arn:aws:ec2:eu-west-3:548144471450:security-group/sg-0214ba896ce9e8575",
            "description": "Managed by Terraform",
            "egress": [],
            "id": "sg-0214ba896ce9e8575",
            "ingress": [
              {
                "cidr_blocks": [
                  "15.161.0.0/16",
                  "15.177.74.0/24",
                  "15.177.90.0/24",
                  "15.188.0.0/16",
                  "15.236.0.0/15",
                  "35.152.0.0/16",
                  "35.180.0.0/16",
                  "35.181.0.0/16",
                  "52.47.0.0/16",
                  "52.94.249.32/28",
                  "52.94.249.48/28",
                  "52.95.224.0/24",
                  "52.95.254.0/24",
                  "99.77.135.0/24",
                  "99.77.138.0/24",
                  "99.77.157.0/24",
                  "99.77.159.0/24"
                ],
                "description": "",
                "from_port": 443,
                "ipv6_cidr_blocks": [],
                "prefix_list_ids": [],
                "protocol": "tcp",
                "security_groups": [],
                "self": false,
                "to_port": 443
              }
            ],
            "name": "groupe_ip",
            "name_prefix": null,
            "owner_id": "548144471450",
            "revoke_rules_on_delete": false,
            "tags": null,
            "timeouts": null,
            "vpc_id": "vpc-a8415dc1"
          },
          "private": "eyJlMmJmYjczMC1lY2FhLTExZTYtOGY4OC0zNDM2M2JjN2M0YzAiOnsiY3JlYXRlIjo2MDAwMDAwMDAwMDAsImRlbGV0ZSI6NjAwMDAwMDAwMDAwfSwic2NoZW1hX3ZlcnNpb24iOiIxIn0="
        }
      ]
    }
  ]
}
